
Microsoft Visual Studio Solution File, Format Version 12.00
# Visual Studio Version 17
VisualStudioVersion = 17.5.33516.290
MinimumVisualStudioVersion = 10.0.40219.1
Project("{FAE04EC0-301F-11D3-BF4B-00C04F79EFBC}") = "PrimoProgetto", "PrimoProgetto\PrimoProgetto.csproj", "{198D0410-9D45-4EF6-9FB5-1CF8D649B740}"
EndProject
Global
	GlobalSection(SolutionConfigurationPlatforms) = preSolution
		Debug|Any CPU = Debug|Any CPU
		Release|Any CPU = Release|Any CPU
	EndGlobalSection
	GlobalSection(ProjectConfigurationPlatforms) = postSolution
		{198D0410-9D45-4EF6-9FB5-1CF8D649B740}.Debug|Any CPU.ActiveCfg = Debug|Any CPU
		{198D0410-9D45-4EF6-9FB5-1CF8D649B740}.Debug|Any CPU.Build.0 = Debug|Any CPU
		{198D0410-9D45-4EF6-9FB5-1CF8D649B740}.Release|Any CPU.ActiveCfg = Release|Any CPU
		{198D0410-9D45-4EF6-9FB5-1CF8D649B740}.Release|Any CPU.Build.0 = Release|Any CPU
	EndGlobalSection
	GlobalSection(SolutionProperties) = preSolution
		HideSolutionNode = FALSE
	EndGlobalSection
	GlobalSection(ExtensibilityGlobals) = postSolution
		SolutionGuid = {34B76879-1348-47A6-9667-57B24ABE87B3}
	EndGlobalSection
EndGlobal
